// !$*UTF8*$!
{
	archiveVersion = 1;
	classes = {
	};
	objectVersion = 56;
	objects = {

/* Begin PBXBuildFile section */
		CDB694CB2BA8258B008F9503 /* AwardsCollectionApp.swift in Sources */ = {isa = PBXBuildFile; fileRef = CDB694CA2BA8258B008F9503 /* AwardsCollectionApp.swift */; };
		CDB694CD2BA8258B008F9503 /* MainView.swift in Sources */ = {isa = PBXBuildFile; fileRef = CDB694CC2BA8258B008F9503 /* MainView.swift */; };
		CDB694CF2BA8258C008F9503 /* Assets.xcassets in Resources */ = {isa = PBXBuildFile; fileRef = CDB694CE2BA8258C008F9503 /* Assets.xcassets */; };
		CDB694D22BA8258C008F9503 /* Preview Assets.xcassets in Resources */ = {isa = PBXBuildFile; fileRef = CDB694D12BA8258C008F9503 /* Preview Assets.xcassets */; };
		CDB694D92BA825D6008F9503 /* CartRacingView.swift in Sources */ = {isa = PBXBuildFile; fileRef = CDB694D82BA825D6008F9503 /* CartRacingView.swift */; };
		CDB694DB2BA825E1008F9503 /* AwardsView.swift in Sources */ = {isa = PBXBuildFile; fileRef = CDB694DA2BA825E1008F9503 /* AwardsView.swift */; };
		CDB694E32BA86DC9008F9503 /* StarterView.swift in Sources */ = {isa = PBXBuildFile; fileRef = CDB694E22BA86DC9008F9503 /* StarterView.swift */; };
		CDF0B0E32BB9AF870065A477 /* Award.swift in Sources */ = {isa = PBXBuildFile; fileRef = CDF0B0E22BB9AF870065A477 /* Award.swift */; };
		CDF0B0E52BB9AFB90065A477 /* GradientRectangles.swift in Sources */ = {isa = PBXBuildFile; fileRef = CDF0B0E42BB9AFB90065A477 /* GradientRectangles.swift */; };
		CDF0B0E72BB9AFC40065A477 /* PathView.swift in Sources */ = {isa = PBXBuildFile; fileRef = CDF0B0E62BB9AFC40065A477 /* PathView.swift */; };
		CDF0B0E92BB9AFCC0065A477 /* CurvesView.swift in Sources */ = {isa = PBXBuildFile; fileRef = CDF0B0E82BB9AFCC0065A477 /* CurvesView.swift */; };
		CDF0B0EB2BB9AFD20065A477 /* HypocycloidView.swift in Sources */ = {isa = PBXBuildFile; fileRef = CDF0B0EA2BB9AFD20065A477 /* HypocycloidView.swift */; };
/* End PBXBuildFile section */

/* Begin PBXFileReference section */
		CDB694C72BA8258B008F9503 /* AwardsCollection.app */ = {isa = PBXFileReference; explicitFileType = wrapper.application; includeInIndex = 0; path = AwardsCollection.app; sourceTree = BUILT_PRODUCTS_DIR; };
		CDB694CA2BA8258B008F9503 /* AwardsCollectionApp.swift */ = {isa = PBXFileReference; lastKnownFileType = sourcecode.swift; path = AwardsCollectionApp.swift; sourceTree = "<group>"; };
		CDB694CC2BA8258B008F9503 /* MainView.swift */ = {isa = PBXFileReference; lastKnownFileType = sourcecode.swift; path = MainView.swift; sourceTree = "<group>"; };
		CDB694CE2BA8258C008F9503 /* Assets.xcassets */ = {isa = PBXFileReference; lastKnownFileType = folder.assetcatalog; path = Assets.xcassets; sourceTree = "<group>"; };
		CDB694D12BA8258C008F9503 /* Preview Assets.xcassets */ = {isa = PBXFileReference; lastKnownFileType = folder.assetcatalog; path = "Preview Assets.xcassets"; sourceTree = "<group>"; };
		CDB694D82BA825D6008F9503 /* CartRacingView.swift */ = {isa = PBXFileReference; lastKnownFileType = sourcecode.swift; path = CartRacingView.swift; sourceTree = "<group>"; };
		CDB694DA2BA825E1008F9503 /* AwardsView.swift */ = {isa = PBXFileReference; lastKnownFileType = sourcecode.swift; path = AwardsView.swift; sourceTree = "<group>"; };
		CDB694E22BA86DC9008F9503 /* StarterView.swift */ = {isa = PBXFileReference; lastKnownFileType = sourcecode.swift; path = StarterView.swift; sourceTree = "<group>"; };
		CDF0B0E22BB9AF870065A477 /* Award.swift */ = {isa = PBXFileReference; fileEncoding = 4; lastKnownFileType = sourcecode.swift; path = Award.swift; sourceTree = "<group>"; };
		CDF0B0E42BB9AFB90065A477 /* GradientRectangles.swift */ = {isa = PBXFileReference; fileEncoding = 4; lastKnownFileType = sourcecode.swift; path = GradientRectangles.swift; sourceTree = "<group>"; };
		CDF0B0E62BB9AFC40065A477 /* PathView.swift */ = {isa = PBXFileReference; fileEncoding = 4; lastKnownFileType = sourcecode.swift; path = PathView.swift; sourceTree = "<group>"; };
		CDF0B0E82BB9AFCC0065A477 /* CurvesView.swift */ = {isa = PBXFileReference; fileEncoding = 4; lastKnownFileType = sourcecode.swift; path = CurvesView.swift; sourceTree = "<group>"; };
		CDF0B0EA2BB9AFD20065A477 /* HypocycloidView.swift */ = {isa = PBXFileReference; fileEncoding = 4; lastKnownFileType = sourcecode.swift; path = HypocycloidView.swift; sourceTree = "<group>"; };
/* End PBXFileReference section */

/* Begin PBXFrameworksBuildPhase section */
		CDB694C42BA8258B008F9503 /* Frameworks */ = {
			isa = PBXFrameworksBuildPhase;
			buildActionMask = 2147483647;
			files = (
			);
			runOnlyForDeploymentPostprocessing = 0;
		};
/* End PBXFrameworksBuildPhase section */

/* Begin PBXGroup section */
		CDB694BE2BA8258B008F9503 = {
			isa = PBXGroup;
			children = (
				CDB694C92BA8258B008F9503 /* AwardsCollection */,
				CDB694C82BA8258B008F9503 /* Products */,
			);
			sourceTree = "<group>";
		};
		CDB694C82BA8258B008F9503 /* Products */ = {
			isa = PBXGroup;
			children = (
				CDB694C72BA8258B008F9503 /* AwardsCollection.app */,
			);
			name = Products;
			sourceTree = "<group>";
		};
		CDB694C92BA8258B008F9503 /* AwardsCollection */ = {
			isa = PBXGroup;
			children = (
				CDB694CA2BA8258B008F9503 /* AwardsCollectionApp.swift */,
				CDB694E22BA86DC9008F9503 /* StarterView.swift */,
				CDB694CC2BA8258B008F9503 /* MainView.swift */,
				CDB694D82BA825D6008F9503 /* CartRacingView.swift */,
				CDB694DA2BA825E1008F9503 /* AwardsView.swift */,
				CDF0B0E12BB9AF630065A477 /* Award */,
				CDB694CE2BA8258C008F9503 /* Assets.xcassets */,
				CDB694D02BA8258C008F9503 /* Preview Content */,
			);
			path = AwardsCollection;
			sourceTree = "<group>";
		};
		CDB694D02BA8258C008F9503 /* Preview Content */ = {
			isa = PBXGroup;
			children = (
				CDB694D12BA8258C008F9503 /* Preview Assets.xcassets */,
			);
			path = "Preview Content";
			sourceTree = "<group>";
		};
		CDF0B0E12BB9AF630065A477 /* Award */ = {
			isa = PBXGroup;
			children = (
				CDF0B0E22BB9AF870065A477 /* Award.swift */,
				CDF0B0E82BB9AFCC0065A477 /* CurvesView.swift */,
				CDF0B0E42BB9AFB90065A477 /* GradientRectangles.swift */,
				CDF0B0EA2BB9AFD20065A477 /* HypocycloidView.swift */,
				CDF0B0E62BB9AFC40065A477 /* PathView.swift */,
			);
			path = Award;
			sourceTree = "<group>";
		};
/* End PBXGroup section */

/* Begin PBXNativeTarget section */
		CDB694C62BA8258B008F9503 /* AwardsCollection */ = {
			isa = PBXNativeTarget;
			buildConfigurationList = CDB694D52BA8258C008F9503 /* Build configuration list for PBXNativeTarget "AwardsCollection" */;
			buildPhases = (
				CDB694C32BA8258B008F9503 /* Sources */,
				CDB694C42BA8258B008F9503 /* Frameworks */,
				CDB694C52BA8258B008F9503 /* Resources */,
			);
			buildRules = (
			);
			dependencies = (
			);
			name = AwardsCollection;
			productName = AwardsCollection;
			productReference = CDB694C72BA8258B008F9503 /* AwardsCollection.app */;
			productType = "com.apple.product-type.application";
		};
/* End PBXNativeTarget section */

/* Begin PBXProject section */
		CDB694BF2BA8258B008F9503 /* Project object */ = {
			isa = PBXProject;
			attributes = {
				BuildIndependentTargetsInParallel = 1;
				LastSwiftUpdateCheck = 1520;
				LastUpgradeCheck = 1520;
				TargetAttributes = {
					CDB694C62BA8258B008F9503 = {
						CreatedOnToolsVersion = 15.2;
					};
				};
			};
			buildConfigurationList = CDB694C22BA8258B008F9503 /* Build configuration list for PBXProject "AwardsCollection" */;
			compatibilityVersion = "Xcode 14.0";
			developmentRegion = en;
			hasScannedForEncodings = 0;
			knownRegions = (
				en,
				Base,
			);
			mainGroup = CDB694BE2BA8258B008F9503;
			productRefGroup = CDB694C82BA8258B008F9503 /* Products */;
			projectDirPath = "";
			projectRoot = "";
			targets = (
				CDB694C62BA8258B008F9503 /* AwardsCollection */,
			);
		};
/* End PBXProject section */

/* Begin PBXResourcesBuildPhase section */
		CDB694C52BA8258B008F9503 /* Resources */ = {
			isa = PBXResourcesBuildPhase;
			buildActionMask = 2147483647;
			files = (
				CDB694D22BA8258C008F9503 /* Preview Assets.xcassets in Resources */,
				CDB694CF2BA8258C008F9503 /* Assets.xcassets in Resources */,
			);
			runOnlyForDeploymentPostprocessing = 0;
		};
/* End PBXResourcesBuildPhase section */

/* Begin PBXSourcesBuildPhase section */
		CDB694C32BA8258B008F9503 /* Sources */ = {
			isa = PBXSourcesBuildPhase;
			buildActionMask = 2147483647;
			files = (
				CDB694DB2BA825E1008F9503 /* AwardsView.swift in Sources */,
				CDF0B0E32BB9AF870065A477 /* Award.swift in Sources */,
				CDF0B0E72BB9AFC40065A477 /* PathView.swift in Sources */,
				CDF0B0E52BB9AFB90065A477 /* GradientRectangles.swift in Sources */,
				CDB694E32BA86DC9008F9503 /* StarterView.swift in Sources */,
				CDF0B0E92BB9AFCC0065A477 /* CurvesView.swift in Sources */,
				CDF0B0EB2BB9AFD20065A477 /* HypocycloidView.swift in Sources */,
				CDB694CD2BA8258B008F9503 /* MainView.swift in Sources */,
				CDB694CB2BA8258B008F9503 /* AwardsCollectionApp.swift in Sources */,
				CDB694D92BA825D6008F9503 /* CartRacingView.swift in Sources */,
			);
			runOnlyForDeploymentPostprocessing = 0;
		};
/* End PBXSourcesBuildPhase section */

/* Begin XCBuildConfiguration section */
		CDB694D32BA8258C008F9503 /* Debug */ = {
			isa = XCBuildConfiguration;
			buildSettings = {
				ALWAYS_SEARCH_USER_PATHS = NO;
				ASSETCATALOG_COMPILER_GENERATE_SWIFT_ASSET_SYMBOL_EXTENSIONS = YES;
				CLANG_ANALYZER_NONNULL = YES;
				CLANG_ANALYZER_NUMBER_OBJECT_CONVERSION = YES_AGGRESSIVE;
				CLANG_CXX_LANGUAGE_STANDARD = "gnu++20";
				CLANG_ENABLE_MODULES = YES;
				CLANG_ENABLE_OBJC_ARC = YES;
				CLANG_ENABLE_OBJC_WEAK = YES;
				CLANG_WARN_BLOCK_CAPTURE_AUTORELEASING = YES;
				CLANG_WARN_BOOL_CONVERSION = YES;
				CLANG_WARN_COMMA = YES;
				CLANG_WARN_CONSTANT_CONVERSION = YES;
				CLANG_WARN_DEPRECATED_OBJC_IMPLEMENTATIONS = YES;
				CLANG_WARN_DIRECT_OBJC_ISA_USAGE = YES_ERROR;
				CLANG_WARN_DOCUMENTATION_COMMENTS = YES;
				CLANG_WARN_EMPTY_BODY = YES;
				CLANG_WARN_ENUM_CONVERSION = YES;
				CLANG_WARN_INFINITE_RECURSION = YES;
				CLANG_WARN_INT_CONVERSION = YES;
				CLANG_WARN_NON_LITERAL_NULL_CONVERSION = YES;
				CLANG_WARN_OBJC_IMPLICIT_RETAIN_SELF = YES;
				CLANG_WARN_OBJC_LITERAL_CONVERSION = YES;
				CLANG_WARN_OBJC_ROOT_CLASS = YES_ERROR;
				CLANG_WARN_QUOTED_INCLUDE_IN_FRAMEWORK_HEADER = YES;
				CLANG_WARN_RANGE_LOOP_ANALYSIS = YES;
				CLANG_WARN_STRICT_PROTOTYPES = YES;
				CLANG_WARN_SUSPICIOUS_MOVE = YES;
				CLANG_WARN_UNGUARDED_AVAILABILITY = YES_AGGRESSIVE;
				CLANG_WARN_UNREACHABLE_CODE = YES;
				CLANG_WARN__DUPLICATE_METHOD_MATCH = YES;
				COPY_PHASE_STRIP = NO;
				DEBUG_INFORMATION_FORMAT = dwarf;
				ENABLE_STRICT_OBJC_MSGSEND = YES;
				ENABLE_TESTABILITY = YES;
				ENABLE_USER_SCRIPT_SANDBOXING = YES;
				GCC_C_LANGUAGE_STANDARD = gnu17;
				GCC_DYNAMIC_NO_PIC = NO;
				GCC_NO_COMMON_BLOCKS = YES;
				GCC_OPTIMIZATION_LEVEL = 0;
				GCC_PREPROCESSOR_DEFINITIONS = (
					"DEBUG=1",
					"$(inherited)",
				);
				GCC_WARN_64_TO_32_BIT_CONVERSION = YES;
				GCC_WARN_ABOUT_RETURN_TYPE = YES_ERROR;
				GCC_WARN_UNDECLARED_SELECTOR = YES;
				GCC_WARN_UNINITIALIZED_AUTOS = YES_AGGRESSIVE;
				GCC_WARN_UNUSED_FUNCTION = YES;
				GCC_WARN_UNUSED_VARIABLE = YES;
				IPHONEOS_DEPLOYMENT_TARGET = 17.2;
				LOCALIZATION_PREFERS_STRING_CATALOGS = YES;
				MTL_ENABLE_DEBUG_INFO = INCLUDE_SOURCE;
				MTL_FAST_MATH = YES;
				ONLY_ACTIVE_ARCH = YES;
				SDKROOT = iphoneos;
				SWIFT_ACTIVE_COMPILATION_CONDITIONS = "DEBUG $(inherited)";
				SWIFT_OPTIMIZATION_LEVEL = "-Onone";
			};
			name = Debug;
		};
		CDB694D42BA8258C008F9503 /* Release */ = {
			isa = XCBuildConfiguration;
			buildSettings = {
				ALWAYS_SEARCH_USER_PATHS = NO;
				ASSETCATALOG_COMPILER_GENERATE_SWIFT_ASSET_SYMBOL_EXTENSIONS = YES;
				CLANG_ANALYZER_NONNULL = YES;
				CLANG_ANALYZER_NUMBER_OBJECT_CONVERSION = YES_AGGRESSIVE;
				CLANG_CXX_LANGUAGE_STANDARD = "gnu++20";
				CLANG_ENABLE_MODULES = YES;
				CLANG_ENABLE_OBJC_ARC = YES;
				CLANG_ENABLE_OBJC_WEAK = YES;
				CLANG_WARN_BLOCK_CAPTURE_AUTORELEASING = YES;
				CLANG_WARN_BOOL_CONVERSION = YES;
				CLANG_WARN_COMMA = YES;
				CLANG_WARN_CONSTANT_CONVERSION = YES;
				CLANG_WARN_DEPRECATED_OBJC_IMPLEMENTATIONS = YES;
				CLANG_WARN_DIRECT_OBJC_ISA_USAGE = YES_ERROR;
				CLANG_WARN_DOCUMENTATION_COMMENTS = YES;
				CLANG_WARN_EMPTY_BODY = YES;
				CLANG_WARN_ENUM_CONVERSION = YES;
				CLANG_WARN_INFINITE_RECURSION = YES;
				CLANG_WARN_INT_CONVERSION = YES;
				CLANG_WARN_NON_LITERAL_NULL_CONVERSION = YES;
				CLANG_WARN_OBJC_IMPLICIT_RETAIN_SELF = YES;
				CLANG_WARN_OBJC_LITERAL_CONVERSION = YES;
				CLANG_WARN_OBJC_ROOT_CLASS = YES_ERROR;
				CLANG_WARN_QUOTED_INCLUDE_IN_FRAMEWORK_HEADER = YES;
				CLANG_WARN_RANGE_LOOP_ANALYSIS = YES;
				CLANG_WARN_STRICT_PROTOTYPES = YES;
				CLANG_WARN_SUSPICIOUS_MOVE = YES;
				CLANG_WARN_UNGUARDED_AVAILABILITY = YES_AGGRESSIVE;
				CLANG_WARN_UNREACHABLE_CODE = YES;
				CLANG_WARN__DUPLICATE_METHOD_MATCH = YES;
				COPY_PHASE_STRIP = NO;
				DEBUG_INFORMATION_FORMAT = "dwarf-with-dsym";
				ENABLE_NS_ASSERTIONS = NO;
				ENABLE_STRICT_OBJC_MSGSEND = YES;
				ENABLE_USER_SCRIPT_SANDBOXING = YES;
				GCC_C_LANGUAGE_STANDARD = gnu17;
				GCC_NO_COMMON_BLOCKS = YES;
				GCC_WARN_64_TO_32_BIT_CONVERSION = YES;
				GCC_WARN_ABOUT_RETURN_TYPE = YES_ERROR;
				GCC_WARN_UNDECLARED_SELECTOR = YES;
				GCC_WARN_UNINITIALIZED_AUTOS = YES_AGGRESSIVE;
				GCC_WARN_UNUSED_FUNCTION = YES;
				GCC_WARN_UNUSED_VARIABLE = YES;
				IPHONEOS_DEPLOYMENT_TARGET = 17.2;
				LOCALIZATION_PREFERS_STRING_CATALOGS = YES;
				MTL_ENABLE_DEBUG_INFO = NO;
				MTL_FAST_MATH = YES;
				SDKROOT = iphoneos;
				SWIFT_COMPILATION_MODE = wholemodule;
				VALIDATE_PRODUCT = YES;
			};
			name = Release;
		};
		CDB694D62BA8258C008F9503 /* Debug */ = {
			isa = XCBuildConfiguration;
			buildSettings = {
				ASSETCATALOG_COMPILER_APPICON_NAME = AppIcon;
				ASSETCATALOG_COMPILER_GLOBAL_ACCENT_COLOR_NAME = AccentColor;
				CODE_SIGN_STYLE = Automatic;
				CURRENT_PROJECT_VERSION = 1;
				DEVELOPMENT_ASSET_PATHS = "\"AwardsCollection/Preview Content\"";
				DEVELOPMENT_TEAM = V3YK82Q5NN;
				ENABLE_PREVIEWS = YES;
				GENERATE_INFOPLIST_FILE = YES;
				INFOPLIST_KEY_CFBundleDisplayName = "Awards Collection";
				INFOPLIST_KEY_UIApplicationSceneManifest_Generation = YES;
				INFOPLIST_KEY_UIApplicationSupportsIndirectInputEvents = YES;
				INFOPLIST_KEY_UILaunchScreen_Generation = YES;
				INFOPLIST_KEY_UISupportedInterfaceOrientations = UIInterfaceOrientationPortrait;
				INFOPLIST_KEY_UISupportedInterfaceOrientations_iPad = "UIInterfaceOrientationLandscapeLeft UIInterfaceOrientationLandscapeRight UIInterfaceOrientationPortrait UIInterfaceOrientationPortraitUpsideDown";
				LD_RUNPATH_SEARCH_PATHS = (
					"$(inherited)",
					"@executable_path/Frameworks",
				);
				MARKETING_VERSION = 1.0;
				PRODUCT_BUNDLE_IDENTIFIER = broski43.AwardsCollection;
				PRODUCT_NAME = "$(TARGET_NAME)";
				SUPPORTED_PLATFORMS = "iphoneos iphonesimulator";
				SUPPORTS_MACCATALYST = NO;
				SUPPORTS_MAC_DESIGNED_FOR_IPHONE_IPAD = NO;
				SUPPORTS_XR_DESIGNED_FOR_IPHONE_IPAD = NO;
				SWIFT_EMIT_LOC_STRINGS = YES;
				SWIFT_VERSION = 5.0;
				TARGETED_DEVICE_FAMILY = 1;
			};
			name = Debug;
		};
		CDB694D72BA8258C008F9503 /* Release */ = {
			isa = XCBuildConfiguration;
			buildSettings = {
				ASSETCATALOG_COMPILER_APPICON_NAME = AppIcon;
				ASSETCATALOG_COMPILER_GLOBAL_ACCENT_COLOR_NAME = AccentColor;
				CODE_SIGN_STYLE = Automatic;
				CURRENT_PROJECT_VERSION = 1;
				DEVELOPMENT_ASSET_PATHS = "\"AwardsCollection/Preview Content\"";
				DEVELOPMENT_TEAM = V3YK82Q5NN;
				ENABLE_PREVIEWS = YES;
				GENERATE_INFOPLIST_FILE = YES;
				INFOPLIST_KEY_CFBundleDisplayName = "Awards Collection";
				INFOPLIST_KEY_UIApplicationSceneManifest_Generation = YES;
				INFOPLIST_KEY_UIApplicationSupportsIndirectInputEvents = YES;
				INFOPLIST_KEY_UILaunchScreen_Generation = YES;
				INFOPLIST_KEY_UISupportedInterfaceOrientations = UIInterfaceOrientationPortrait;
				INFOPLIST_KEY_UISupportedInterfaceOrientations_iPad = "UIInterfaceOrientationLandscapeLeft UIInterfaceOrientationLandscapeRight UIInterfaceOrientationPortrait UIInterfaceOrientationPortraitUpsideDown";
				LD_RUNPATH_SEARCH_PATHS = (
					"$(inherited)",
					"@executable_path/Frameworks",
				);
				MARKETING_VERSION = 1.0;
				PRODUCT_BUNDLE_IDENTIFIER = broski43.AwardsCollection;
				PRODUCT_NAME = "$(TARGET_NAME)";
				SUPPORTED_PLATFORMS = "iphoneos iphonesimulator";
				SUPPORTS_MACCATALYST = NO;
				SUPPORTS_MAC_DESIGNED_FOR_IPHONE_IPAD = NO;
				SUPPORTS_XR_DESIGNED_FOR_IPHONE_IPAD = NO;
				SWIFT_EMIT_LOC_STRINGS = YES;
				SWIFT_VERSION = 5.0;
				TARGETED_DEVICE_FAMILY = 1;
			};
			name = Release;
		};
/* End XCBuildConfiguration section */

/* Begin XCConfigurationList section */
		CDB694C22BA8258B008F9503 /* Build configuration list for PBXProject "AwardsCollection" */ = {
			isa = XCConfigurationList;
			buildConfigurations = (
				CDB694D32BA8258C008F9503 /* Debug */,
				CDB694D42BA8258C008F9503 /* Release */,
			);
			defaultConfigurationIsVisible = 0;
			defaultConfigurationName = Release;
		};
		CDB694D52BA8258C008F9503 /* Build configuration list for PBXNativeTarget "AwardsCollection" */ = {
			isa = XCConfigurationList;
			buildConfigurations = (
				CDB694D62BA8258C008F9503 /* Debug */,
				CDB694D72BA8258C008F9503 /* Release */,
			);
			defaultConfigurationIsVisible = 0;
			defaultConfigurationName = Release;
		};
/* End XCConfigurationList section */
	};
	rootObject = CDB694BF2BA8258B008F9503 /* Project object */;
}
